// !$*UTF8*$!
{
	archiveVersion = 1;
	classes = {
	};
	objectVersion = 50;
	objects = {

/* Begin PBXBuildFile section */
		8A17E77424BE66AF00D65962 /* AppDelegate.swift in Sources */ = {isa = PBXBuildFile; fileRef = 8A17E77324BE66AF00D65962 /* AppDelegate.swift */; };
		8A17E77624BE66AF00D65962 /* SceneDelegate.swift in Sources */ = {isa = PBXBuildFile; fileRef = 8A17E77524BE66AF00D65962 /* SceneDelegate.swift */; };
		8A17E77824BE66AF00D65962 /* ViewController.swift in Sources */ = {isa = PBXBuildFile; fileRef = 8A17E77724BE66AF00D65962 /* ViewController.swift */; };
		8A17E77B24BE66AF00D65962 /* Main.storyboard in Resources */ = {isa = PBXBuildFile; fileRef = 8A17E77924BE66AF00D65962 /* Main.storyboard */; };
		8A17E77D24BE66B500D65962 /* Assets.xcassets in Resources */ = {isa = PBXBuildFile; fileRef = 8A17E77C24BE66B500D65962 /* Assets.xcassets */; };
		8A17E78024BE66B500D65962 /* LaunchScreen.storyboard in Resources */ = {isa = PBXBuildFile; fileRef = 8A17E77E24BE66B500D65962 /* LaunchScreen.storyboard */; };
		8A17E78824C103D200D65962 /* GetStartedViewController.swift in Sources */ = {isa = PBXBuildFile; fileRef = 8A17E78724C103D200D65962 /* GetStartedViewController.swift */; };
/* End PBXBuildFile section */

/* Begin PBXFileReference section */
		8A17E77024BE66AF00D65962 /* PersonalFit.app */ = {isa = PBXFileReference; explicitFileType = wrapper.application; includeInIndex = 0; path = PersonalFit.app; sourceTree = BUILT_PRODUCTS_DIR; };
		8A17E77324BE66AF00D65962 /* AppDelegate.swift */ = {isa = PBXFileReference; lastKnownFileType = sourcecode.swift; path = AppDelegate.swift; sourceTree = "<group>"; };
		8A17E77524BE66AF00D65962 /* SceneDelegate.swift */ = {isa = PBXFileReference; lastKnownFileType = sourcecode.swift; path = SceneDelegate.swift; sourceTree = "<group>"; };
		8A17E77724BE66AF00D65962 /* ViewController.swift */ = {isa = PBXFileReference; lastKnownFileType = sourcecode.swift; path = ViewController.swift; sourceTree = "<group>"; };
		8A17E77A24BE66AF00D65962 /* Base */ = {isa = PBXFileReference; lastKnownFileType = file.storyboard; name = Base; path = Base.lproj/Main.storyboard; sourceTree = "<group>"; };
		8A17E77C24BE66B500D65962 /* Assets.xcassets */ = {isa = PBXFileReference; lastKnownFileType = folder.assetcatalog; path = Assets.xcassets; sourceTree = "<group>"; };
		8A17E77F24BE66B500D65962 /* Base */ = {isa = PBXFileReference; lastKnownFileType = file.storyboard; name = Base; path = Base.lproj/LaunchScreen.storyboard; sourceTree = "<group>"; };
		8A17E78124BE66B500D65962 /* Info.plist */ = {isa = PBXFileReference; lastKnownFileType = text.plist.xml; path = Info.plist; sourceTree = "<group>"; };
		8A17E78724C103D200D65962 /* GetStartedViewController.swift */ = {isa = PBXFileReference; lastKnownFileType = sourcecode.swift; path = GetStartedViewController.swift; sourceTree = "<group>"; };
/* End PBXFileReference section */

/* Begin PBXFrameworksBuildPhase section */
		8A17E76D24BE66AF00D65962 /* Frameworks */ = {
			isa = PBXFrameworksBuildPhase;
			buildActionMask = 2147483647;
			files = (
			);
			runOnlyForDeploymentPostprocessing = 0;
		};
/* End PBXFrameworksBuildPhase section */

/* Begin PBXGroup section */
		8A17E76724BE66AF00D65962 = {
			isa = PBXGroup;
			children = (
				8A17E77224BE66AF00D65962 /* PersonalFit */,
				8A17E77124BE66AF00D65962 /* Products */,
			);
			sourceTree = "<group>";
		};
		8A17E77124BE66AF00D65962 /* Products */ = {
			isa = PBXGroup;
			children = (
				8A17E77024BE66AF00D65962 /* PersonalFit.app */,
			);
			name = Products;
			sourceTree = "<group>";
		};
		8A17E77224BE66AF00D65962 /* PersonalFit */ = {
			isa = PBXGroup;
			children = (
				8A17E78924C1052D00D65962 /* ViewControllers */,
				8A17E77324BE66AF00D65962 /* AppDelegate.swift */,
				8A17E77524BE66AF00D65962 /* SceneDelegate.swift */,
				8A17E77924BE66AF00D65962 /* Main.storyboard */,
				8A17E77C24BE66B500D65962 /* Assets.xcassets */,
				8A17E77E24BE66B500D65962 /* LaunchScreen.storyboard */,
				8A17E78124BE66B500D65962 /* Info.plist */,
			);
			path = PersonalFit;
			sourceTree = "<group>";
		};
		8A17E78924C1052D00D65962 /* ViewControllers */ = {
			isa = PBXGroup;
			children = (
				8A17E77724BE66AF00D65962 /* ViewController.swift */,
				8A17E78724C103D200D65962 /* GetStartedViewController.swift */,
			);
			path = ViewControllers;
			sourceTree = "<group>";
		};
/* End PBXGroup section */

/* Begin PBXNativeTarget section */
		8A17E76F24BE66AF00D65962 /* PersonalFit */ = {
			isa = PBXNativeTarget;
			buildConfigurationList = 8A17E78424BE66B500D65962 /* Build configuration list for PBXNativeTarget "PersonalFit" */;
			buildPhases = (
				8A17E76C24BE66AF00D65962 /* Sources */,
				8A17E76D24BE66AF00D65962 /* Frameworks */,
				8A17E76E24BE66AF00D65962 /* Resources */,
			);
			buildRules = (
			);
			dependencies = (
			);
			name = PersonalFit;
			productName = PersonalFit;
			productReference = 8A17E77024BE66AF00D65962 /* PersonalFit.app */;
			productType = "com.apple.product-type.application";
		};
/* End PBXNativeTarget section */

/* Begin PBXProject section */
		8A17E76824BE66AF00D65962 /* Project object */ = {
			isa = PBXProject;
			attributes = {
				LastSwiftUpdateCheck = 1150;
				LastUpgradeCheck = 1150;
				ORGANIZATIONNAME = "Anshpreet Sandhu";
				TargetAttributes = {
					8A17E76F24BE66AF00D65962 = {
						CreatedOnToolsVersion = 11.5;
					};
				};
			};
			buildConfigurationList = 8A17E76B24BE66AF00D65962 /* Build configuration list for PBXProject "PersonalFit" */;
			compatibilityVersion = "Xcode 9.3";
			developmentRegion = en;
			hasScannedForEncodings = 0;
			knownRegions = (
				en,
				Base,
			);
			mainGroup = 8A17E76724BE66AF00D65962;
			productRefGroup = 8A17E77124BE66AF00D65962 /* Products */;
			projectDirPath = "";
			projectRoot = "";
			targets = (
				8A17E76F24BE66AF00D65962 /* PersonalFit */,
			);
		};
/* End PBXProject section */

/* Begin PBXResourcesBuildPhase section */
		8A17E76E24BE66AF00D65962 /* Resources */ = {
			isa = PBXResourcesBuildPhase;
			buildActionMask = 2147483647;
			files = (
				8A17E78024BE66B500D65962 /* LaunchScreen.storyboard in Resources */,
				8A17E77D24BE66B500D65962 /* Assets.xcassets in Resources */,
				8A17E77B24BE66AF00D65962 /* Main.storyboard in Resources */,
			);
			runOnlyForDeploymentPostprocessing = 0;
		};
/* End PBXResourcesBuildPhase section */

/* Begin PBXSourcesBuildPhase section */
		8A17E76C24BE66AF00D65962 /* Sources */ = {
			isa = PBXSourcesBuildPhase;
			buildActionMask = 2147483647;
			files = (
				8A17E77824BE66AF00D65962 /* ViewController.swift in Sources */,
				8A17E77424BE66AF00D65962 /* AppDelegate.swift in Sources */,
				8A17E77624BE66AF00D65962 /* SceneDelegate.swift in Sources */,
				8A17E78824C103D200D65962 /* GetStartedViewController.swift in Sources */,
			);
			runOnlyForDeploymentPostprocessing = 0;
		};
/* End PBXSourcesBuildPhase section */

/* Begin PBXVariantGroup section */
		8A17E77924BE66AF00D65962 /* Main.storyboard */ = {
			isa = PBXVariantGroup;
			children = (
				8A17E77A24BE66AF00D65962 /* Base */,
			);
			name = Main.storyboard;
			sourceTree = "<group>";
		};
		8A17E77E24BE66B500D65962 /* LaunchScreen.storyboard */ = {
			isa = PBXVariantGroup;
			children = (
				8A17E77F24BE66B500D65962 /* Base */,
			);
			name = LaunchScreen.storyboard;
			sourceTree = "<group>";
		};
/* End PBXVariantGroup section */

/* Begin XCBuildConfiguration section */
		8A17E78224BE66B500D65962 /* Debug */ = {
			isa = XCBuildConfiguration;
			buildSettings = {
				ALWAYS_SEARCH_USER_PATHS = NO;
				CLANG_ANALYZER_NONNULL = YES;
				CLANG_ANALYZER_NUMBER_OBJECT_CONVERSION = YES_AGGRESSIVE;
				CLANG_CXX_LANGUAGE_STANDARD = "gnu++14";
				CLANG_CXX_LIBRARY = "libc++";
				CLANG_ENABLE_MODULES = YES;
				CLANG_ENABLE_OBJC_ARC = YES;
				CLANG_ENABLE_OBJC_WEAK = YES;
				CLANG_WARN_BLOCK_CAPTURE_AUTORELEASING = YES;
				CLANG_WARN_BOOL_CONVERSION = YES;
				CLANG_WARN_COMMA = YES;
				CLANG_WARN_CONSTANT_CONVERSION = YES;
				CLANG_WARN_DEPRECATED_OBJC_IMPLEMENTATIONS = YES;
				CLANG_WARN_DIRECT_OBJC_ISA_USAGE = YES_ERROR;
				CLANG_WARN_DOCUMENTATION_COMMENTS = YES;
				CLANG_WARN_EMPTY_BODY = YES;
				CLANG_WARN_ENUM_CONVERSION = YES;
				CLANG_WARN_INFINITE_RECURSION = YES;
				CLANG_WARN_INT_CONVERSION = YES;
				CLANG_WARN_NON_LITERAL_NULL_CONVERSION = YES;
				CLANG_WARN_OBJC_IMPLICIT_RETAIN_SELF = YES;
				CLANG_WARN_OBJC_LITERAL_CONVERSION = YES;
				CLANG_WARN_OBJC_ROOT_CLASS = YES_ERROR;
				CLANG_WARN_RANGE_LOOP_ANALYSIS = YES;
				CLANG_WARN_STRICT_PROTOTYPES = YES;
				CLANG_WARN_SUSPICIOUS_MOVE = YES;
				CLANG_WARN_UNGUARDED_AVAILABILITY = YES_AGGRESSIVE;
				CLANG_WARN_UNREACHABLE_CODE = YES;
				CLANG_WARN__DUPLICATE_METHOD_MATCH = YES;
				COPY_PHASE_STRIP = NO;
				DEBUG_INFORMATION_FORMAT = dwarf;
				ENABLE_STRICT_OBJC_MSGSEND = YES;
				ENABLE_TESTABILITY = YES;
				GCC_C_LANGUAGE_STANDARD = gnu11;
				GCC_DYNAMIC_NO_PIC = NO;
				GCC_NO_COMMON_BLOCKS = YES;
				GCC_OPTIMIZATION_LEVEL = 0;
				GCC_PREPROCESSOR_DEFINITIONS = (
					"DEBUG=1",
					"$(inherited)",
				);
				GCC_WARN_64_TO_32_BIT_CONVERSION = YES;
				GCC_WARN_ABOUT_RETURN_TYPE = YES_ERROR;
				GCC_WARN_UNDECLARED_SELECTOR = YES;
				GCC_WARN_UNINITIALIZED_AUTOS = YES_AGGRESSIVE;
				GCC_WARN_UNUSED_FUNCTION = YES;
				GCC_WARN_UNUSED_VARIABLE = YES;
				IPHONEOS_DEPLOYMENT_TARGET = 13.5;
				MTL_ENABLE_DEBUG_INFO = INCLUDE_SOURCE;
				MTL_FAST_MATH = YES;
				ONLY_ACTIVE_ARCH = YES;
				SDKROOT = iphoneos;
				SWIFT_ACTIVE_COMPILATION_CONDITIONS = DEBUG;
				SWIFT_OPTIMIZATION_LEVEL = "-Onone";
			};
			name = Debug;
		};
		8A17E78324BE66B500D65962 /* Release */ = {
			isa = XCBuildConfiguration;
			buildSettings = {
				ALWAYS_SEARCH_USER_PATHS = NO;
				CLANG_ANALYZER_NONNULL = YES;
				CLANG_ANALYZER_NUMBER_OBJECT_CONVERSION = YES_AGGRESSIVE;
				CLANG_CXX_LANGUAGE_STANDARD = "gnu++14";
				CLANG_CXX_LIBRARY = "libc++";
				CLANG_ENABLE_MODULES = YES;
				CLANG_ENABLE_OBJC_ARC = YES;
				CLANG_ENABLE_OBJC_WEAK = YES;
				CLANG_WARN_BLOCK_CAPTURE_AUTORELEASING = YES;
				CLANG_WARN_BOOL_CONVERSION = YES;
				CLANG_WARN_COMMA = YES;
				CLANG_WARN_CONSTANT_CONVERSION = YES;
				CLANG_WARN_DEPRECATED_OBJC_IMPLEMENTATIONS = YES;
				CLANG_WARN_DIRECT_OBJC_ISA_USAGE = YES_ERROR;
				CLANG_WARN_DOCUMENTATION_COMMENTS = YES;
				CLANG_WARN_EMPTY_BODY = YES;
				CLANG_WARN_ENUM_CONVERSION = YES;
				CLANG_WARN_INFINITE_RECURSION = YES;
				CLANG_WARN_INT_CONVERSION = YES;
				CLANG_WARN_NON_LITERAL_NULL_CONVERSION = YES;
				CLANG_WARN_OBJC_IMPLICIT_RETAIN_SELF = YES;
				CLANG_WARN_OBJC_LITERAL_CONVERSION = YES;
				CLANG_WARN_OBJC_ROOT_CLASS = YES_ERROR;
				CLANG_WARN_RANGE_LOOP_ANALYSIS = YES;
				CLANG_WARN_STRICT_PROTOTYPES = YES;
				CLANG_WARN_SUSPICIOUS_MOVE = YES;
				CLANG_WARN_UNGUARDED_AVAILABILITY = YES_AGGRESSIVE;
				CLANG_WARN_UNREACHABLE_CODE = YES;
				CLANG_WARN__DUPLICATE_METHOD_MATCH = YES;
				COPY_PHASE_STRIP = NO;
				DEBUG_INFORMATION_FORMAT = "dwarf-with-dsym";
				ENABLE_NS_ASSERTIONS = NO;
				ENABLE_STRICT_OBJC_MSGSEND = YES;
				GCC_C_LANGUAGE_STANDARD = gnu11;
				GCC_NO_COMMON_BLOCKS = YES;
				GCC_WARN_64_TO_32_BIT_CONVERSION = YES;
				GCC_WARN_ABOUT_RETURN_TYPE = YES_ERROR;
				GCC_WARN_UNDECLARED_SELECTOR = YES;
				GCC_WARN_UNINITIALIZED_AUTOS = YES_AGGRESSIVE;
				GCC_WARN_UNUSED_FUNCTION = YES;
				GCC_WARN_UNUSED_VARIABLE = YES;
				IPHONEOS_DEPLOYMENT_TARGET = 13.5;
				MTL_ENABLE_DEBUG_INFO = NO;
				MTL_FAST_MATH = YES;
				SDKROOT = iphoneos;
				SWIFT_COMPILATION_MODE = wholemodule;
				SWIFT_OPTIMIZATION_LEVEL = "-O";
				VALIDATE_PRODUCT = YES;
			};
			name = Release;
		};
		8A17E78524BE66B500D65962 /* Debug */ = {
			isa = XCBuildConfiguration;
			buildSettings = {
				ASSETCATALOG_COMPILER_APPICON_NAME = AppIcon;
				CODE_SIGN_STYLE = Automatic;
				DEVELOPMENT_TEAM = A9ZWU784JZ;
				INFOPLIST_FILE = PersonalFit/Info.plist;
				LD_RUNPATH_SEARCH_PATHS = (
					"$(inherited)",
					"@executable_path/Frameworks",
				);
				PRODUCT_BUNDLE_IDENTIFIER = com.Anshpreet.PersonalFit;
				PRODUCT_NAME = "$(TARGET_NAME)";
				SWIFT_VERSION = 5.0;
				TARGETED_DEVICE_FAMILY = "1,2";
			};
			name = Debug;
		};
		8A17E78624BE66B500D65962 /* Release */ = {
			isa = XCBuildConfiguration;
			buildSettings = {
				ASSETCATALOG_COMPILER_APPICON_NAME = AppIcon;
				CODE_SIGN_STYLE = Automatic;
				DEVELOPMENT_TEAM = A9ZWU784JZ;
				INFOPLIST_FILE = PersonalFit/Info.plist;
				LD_RUNPATH_SEARCH_PATHS = (
					"$(inherited)",
					"@executable_path/Frameworks",
				);
				PRODUCT_BUNDLE_IDENTIFIER = com.Anshpreet.PersonalFit;
				PRODUCT_NAME = "$(TARGET_NAME)";
				SWIFT_VERSION = 5.0;
				TARGETED_DEVICE_FAMILY = "1,2";
			};
			name = Release;
		};
/* End XCBuildConfiguration section */

/* Begin XCConfigurationList section */
		8A17E76B24BE66AF00D65962 /* Build configuration list for PBXProject "PersonalFit" */ = {
			isa = XCConfigurationList;
			buildConfigurations = (
				8A17E78224BE66B500D65962 /* Debug */,
				8A17E78324BE66B500D65962 /* Release */,
			);
			defaultConfigurationIsVisible = 0;
			defaultConfigurationName = Release;
		};
		8A17E78424BE66B500D65962 /* Build configuration list for PBXNativeTarget "PersonalFit" */ = {
			isa = XCConfigurationList;
			buildConfigurations = (
				8A17E78524BE66B500D65962 /* Debug */,
				8A17E78624BE66B500D65962 /* Release */,
			);
			defaultConfigurationIsVisible = 0;
			defaultConfigurationName = Release;
		};
/* End XCConfigurationList section */
	};
	rootObject = 8A17E76824BE66AF00D65962 /* Project object */;
}
